
Microsoft Visual Studio Solution File, Format Version 12.00
Project("{FAE04EC0-301F-11D3-BF4B-00C04F79EFBC}") = "TheBindingPage2", "TheBindingPage2\TheBindingPage2.csproj", "{6D5885AD-DB3F-4D8C-90DB-96B8BF20BFC4}"
EndProject
Global
	GlobalSection(SolutionConfigurationPlatforms) = preSolution
		Debug|Any CPU = Debug|Any CPU
		Release|Any CPU = Release|Any CPU
	EndGlobalSection
	GlobalSection(ProjectConfigurationPlatforms) = postSolution
		{6D5885AD-DB3F-4D8C-90DB-96B8BF20BFC4}.Debug|Any CPU.ActiveCfg = Debug|Any CPU
		{6D5885AD-DB3F-4D8C-90DB-96B8BF20BFC4}.Debug|Any CPU.Build.0 = Debug|Any CPU
		{6D5885AD-DB3F-4D8C-90DB-96B8BF20BFC4}.Release|Any CPU.ActiveCfg = Release|Any CPU
		{6D5885AD-DB3F-4D8C-90DB-96B8BF20BFC4}.Release|Any CPU.Build.0 = Release|Any CPU
	EndGlobalSection
EndGlobal
